
Microsoft Visual Studio Solution File, Format Version 12.00
# Visual Studio Version 16
VisualStudioVersion = 16.0.31205.134
MinimumVisualStudioVersion = 10.0.40219.1
Project("{D2ABAB84-BF74-430A-B69E-9DC6D40DDA17}") = "OrdersCubesSC", "OrdersCubesSC\OrdersCubesSC.dwproj", "{ED6E411D-D5B0-4304-AC79-6C043C521039}"
EndProject
Global
	GlobalSection(SolutionConfigurationPlatforms) = preSolution
		Development|Default = Development|Default
	EndGlobalSection
	GlobalSection(ProjectConfigurationPlatforms) = postSolution
		{ED6E411D-D5B0-4304-AC79-6C043C521039}.Development|Default.ActiveCfg = Development
		{ED6E411D-D5B0-4304-AC79-6C043C521039}.Development|Default.Build.0 = Development
		{ED6E411D-D5B0-4304-AC79-6C043C521039}.Development|Default.Deploy.0 = Development
	EndGlobalSection
	GlobalSection(SolutionProperties) = preSolution
		HideSolutionNode = FALSE
	EndGlobalSection
	GlobalSection(ExtensibilityGlobals) = postSolution
		SolutionGuid = {D90E2B9C-B62F-44DE-AC87-A6DCAD054D8B}
	EndGlobalSection
EndGlobal
